{
  "originHash" : "435e5e2b61c33e17ad1e0c8543bc4fdb21f0efd3a252698f0b007bf15812124d",
  "pins" : [
    {
      "identity" : "swift-syntax",
      "kind" : "remoteSourceControl",
      "location" : "https://github.com/swiftlang/swift-syntax",
      "state" : {
        "revision" : "9de99a78f099e59caf2b2beec65a4c45d54b2081",
        "version" : "603.0.1"
      }
    },
    {
      "identity" : "swift-webdriver",
      "kind" : "remoteSourceControl",
      "location" : "https://github.com/thebrowsercompany/swift-webdriver.git",
      "state" : {
        "revision" : "eb79abde86888ef086ca56c0c7ccd09a03757c2d"
      }
    }
  ],
  "version" : 3
}
